
Microsoft Visual Studio Solution File, Format Version 12.00
# Visual Studio Version 16
VisualStudioVersion = 16.0.31112.23
MinimumVisualStudioVersion = 10.0.40219.1
Project("{FAE04EC0-301F-11D3-BF4B-00C04F79EFBC}") = "Hochanda_code", "Hochanda_code\Hochanda_code.csproj", "{ACF9B775-B574-4314-9B29-8D0DCF282129}"
EndProject
Global
	GlobalSection(SolutionConfigurationPlatforms) = preSolution
		Debug|Any CPU = Debug|Any CPU
		Release|Any CPU = Release|Any CPU
	EndGlobalSection
	GlobalSection(ProjectConfigurationPlatforms) = postSolution
		{ACF9B775-B574-4314-9B29-8D0DCF282129}.Debug|Any CPU.ActiveCfg = Debug|Any CPU
		{ACF9B775-B574-4314-9B29-8D0DCF282129}.Debug|Any CPU.Build.0 = Debug|Any CPU
		{ACF9B775-B574-4314-9B29-8D0DCF282129}.Release|Any CPU.ActiveCfg = Release|Any CPU
		{ACF9B775-B574-4314-9B29-8D0DCF282129}.Release|Any CPU.Build.0 = Release|Any CPU
	EndGlobalSection
	GlobalSection(SolutionProperties) = preSolution
		HideSolutionNode = FALSE
	EndGlobalSection
	GlobalSection(ExtensibilityGlobals) = postSolution
		SolutionGuid = {271D83F2-B64A-4CE6-B4D7-DF00DA67E73E}
	EndGlobalSection
EndGlobal
